// !$*UTF8*$!
{
	archiveVersion = 1;
	classes = {
	};
	objectVersion = 51;
	objects = {

/* Begin PBXBuildFile section */
		FBE537C824471C83001322F7 /* AppDelegate.swift in Sources */ = {isa = PBXBuildFile; fileRef = FBE537C724471C83001322F7 /* AppDelegate.swift */; };
		FBE537CA24471C83001322F7 /* SceneDelegate.swift in Sources */ = {isa = PBXBuildFile; fileRef = FBE537C924471C83001322F7 /* SceneDelegate.swift */; };
		FBE537CF24471C83001322F7 /* Main.storyboard in Resources */ = {isa = PBXBuildFile; fileRef = FBE537CD24471C83001322F7 /* Main.storyboard */; };
		FBE537D124471C86001322F7 /* Assets.xcassets in Resources */ = {isa = PBXBuildFile; fileRef = FBE537D024471C86001322F7 /* Assets.xcassets */; };
		FBE537D424471C86001322F7 /* LaunchScreen.storyboard in Resources */ = {isa = PBXBuildFile; fileRef = FBE537D224471C86001322F7 /* LaunchScreen.storyboard */; };
		FCEB63A3F0733B04E09CB903 /* Pods_ShopProject.framework in Frameworks */ = {isa = PBXBuildFile; fileRef = 97FCD71C0AC3A32E8C664EEC /* Pods_ShopProject.framework */; };
/* End PBXBuildFile section */

/* Begin PBXFileReference section */
		1AB5353CD7B26ADFCC65ABE0 /* Pods-ShopProject.release.xcconfig */ = {isa = PBXFileReference; includeInIndex = 1; lastKnownFileType = text.xcconfig; name = "Pods-ShopProject.release.xcconfig"; path = "Target Support Files/Pods-ShopProject/Pods-ShopProject.release.xcconfig"; sourceTree = "<group>"; };
		1E5F7228B24EFA0CCAB8B5D2 /* Pods-ShopProject.debug.xcconfig */ = {isa = PBXFileReference; includeInIndex = 1; lastKnownFileType = text.xcconfig; name = "Pods-ShopProject.debug.xcconfig"; path = "Target Support Files/Pods-ShopProject/Pods-ShopProject.debug.xcconfig"; sourceTree = "<group>"; };
		97FCD71C0AC3A32E8C664EEC /* Pods_ShopProject.framework */ = {isa = PBXFileReference; explicitFileType = wrapper.framework; includeInIndex = 0; path = Pods_ShopProject.framework; sourceTree = BUILT_PRODUCTS_DIR; };
		FBE537C424471C83001322F7 /* ShopProject.app */ = {isa = PBXFileReference; explicitFileType = wrapper.application; includeInIndex = 0; path = ShopProject.app; sourceTree = BUILT_PRODUCTS_DIR; };
		FBE537C724471C83001322F7 /* AppDelegate.swift */ = {isa = PBXFileReference; lastKnownFileType = sourcecode.swift; path = AppDelegate.swift; sourceTree = "<group>"; };
		FBE537C924471C83001322F7 /* SceneDelegate.swift */ = {isa = PBXFileReference; lastKnownFileType = sourcecode.swift; path = SceneDelegate.swift; sourceTree = "<group>"; };
		FBE537CE24471C83001322F7 /* Base */ = {isa = PBXFileReference; lastKnownFileType = file.storyboard; name = Base; path = Base.lproj/Main.storyboard; sourceTree = "<group>"; };
		FBE537D024471C86001322F7 /* Assets.xcassets */ = {isa = PBXFileReference; lastKnownFileType = folder.assetcatalog; path = Assets.xcassets; sourceTree = "<group>"; };
		FBE537D324471C86001322F7 /* Base */ = {isa = PBXFileReference; lastKnownFileType = file.storyboard; name = Base; path = Base.lproj/LaunchScreen.storyboard; sourceTree = "<group>"; };
		FBE537D524471C86001322F7 /* Info.plist */ = {isa = PBXFileReference; lastKnownFileType = text.plist.xml; path = Info.plist; sourceTree = "<group>"; };
/* End PBXFileReference section */

/* Begin PBXFrameworksBuildPhase section */
		FBE537C124471C83001322F7 /* Frameworks */ = {
			isa = PBXFrameworksBuildPhase;
			buildActionMask = 2147483647;
			files = (
				FCEB63A3F0733B04E09CB903 /* Pods_ShopProject.framework in Frameworks */,
			);
			runOnlyForDeploymentPostprocessing = 0;
		};
/* End PBXFrameworksBuildPhase section */

/* Begin PBXGroup section */
		26FFCB322E57A2DDE3F6A2AE /* Frameworks */ = {
			isa = PBXGroup;
			children = (
				97FCD71C0AC3A32E8C664EEC /* Pods_ShopProject.framework */,
			);
			name = Frameworks;
			sourceTree = "<group>";
		};
		FBE537BB24471C83001322F7 = {
			isa = PBXGroup;
			children = (
				FBE537C624471C83001322F7 /* ShopProject */,
				FBE537C524471C83001322F7 /* Products */,
				FF23DBB9F7B32EB730EBA974 /* Pods */,
				26FFCB322E57A2DDE3F6A2AE /* Frameworks */,
			);
			sourceTree = "<group>";
		};
		FBE537C524471C83001322F7 /* Products */ = {
			isa = PBXGroup;
			children = (
				FBE537C424471C83001322F7 /* ShopProject.app */,
			);
			name = Products;
			sourceTree = "<group>";
		};
		FBE537C624471C83001322F7 /* ShopProject */ = {
			isa = PBXGroup;
			children = (
				FBE537C724471C83001322F7 /* AppDelegate.swift */,
				FBE537C924471C83001322F7 /* SceneDelegate.swift */,
				FBE537CD24471C83001322F7 /* Main.storyboard */,
				FBE537D024471C86001322F7 /* Assets.xcassets */,
				FBE537D224471C86001322F7 /* LaunchScreen.storyboard */,
				FBE537D524471C86001322F7 /* Info.plist */,
			);
			path = ShopProject;
			sourceTree = "<group>";
		};
		FF23DBB9F7B32EB730EBA974 /* Pods */ = {
			isa = PBXGroup;
			children = (
				1E5F7228B24EFA0CCAB8B5D2 /* Pods-ShopProject.debug.xcconfig */,
				1AB5353CD7B26ADFCC65ABE0 /* Pods-ShopProject.release.xcconfig */,
			);
			path = Pods;
			sourceTree = "<group>";
		};
/* End PBXGroup section */

/* Begin PBXNativeTarget section */
		FBE537C324471C83001322F7 /* ShopProject */ = {
			isa = PBXNativeTarget;
			buildConfigurationList = FBE537D824471C86001322F7 /* Build configuration list for PBXNativeTarget "ShopProject" */;
			buildPhases = (
				ABE4FE92F528CC0DAAD1E2B8 /* [CP] Check Pods Manifest.lock */,
				FBE537C024471C83001322F7 /* Sources */,
				FBE537C124471C83001322F7 /* Frameworks */,
				FBE537C224471C83001322F7 /* Resources */,
				90475BB0C909AE82D0C5D5AD /* [CP] Embed Pods Frameworks */,
			);
			buildRules = (
			);
			dependencies = (
			);
			name = ShopProject;
			productName = ShopProject;
			productReference = FBE537C424471C83001322F7 /* ShopProject.app */;
			productType = "com.apple.product-type.application";
		};
/* End PBXNativeTarget section */

/* Begin PBXProject section */
		FBE537BC24471C83001322F7 /* Project object */ = {
			isa = PBXProject;
			attributes = {
				LastSwiftUpdateCheck = 1140;
				LastUpgradeCheck = 1140;
				ORGANIZATIONNAME = trycodingman;
				TargetAttributes = {
					FBE537C324471C83001322F7 = {
						CreatedOnToolsVersion = 11.4;
					};
				};
			};
			buildConfigurationList = FBE537BF24471C83001322F7 /* Build configuration list for PBXProject "ShopProject" */;
			compatibilityVersion = "Xcode 9.3";
			developmentRegion = en;
			hasScannedForEncodings = 0;
			knownRegions = (
				en,
				Base,
			);
			mainGroup = FBE537BB24471C83001322F7;
			productRefGroup = FBE537C524471C83001322F7 /* Products */;
			projectDirPath = "";
			projectRoot = "";
			targets = (
				FBE537C324471C83001322F7 /* ShopProject */,
			);
		};
/* End PBXProject section */

/* Begin PBXResourcesBuildPhase section */
		FBE537C224471C83001322F7 /* Resources */ = {
			isa = PBXResourcesBuildPhase;
			buildActionMask = 2147483647;
			files = (
				FBE537D424471C86001322F7 /* LaunchScreen.storyboard in Resources */,
				FBE537D124471C86001322F7 /* Assets.xcassets in Resources */,
				FBE537CF24471C83001322F7 /* Main.storyboard in Resources */,
			);
			runOnlyForDeploymentPostprocessing = 0;
		};
/* End PBXResourcesBuildPhase section */

/* Begin PBXShellScriptBuildPhase section */
		90475BB0C909AE82D0C5D5AD /* [CP] Embed Pods Frameworks */ = {
			isa = PBXShellScriptBuildPhase;
			buildActionMask = 2147483647;
			files = (
			);
			inputFileListPaths = (
				"${PODS_ROOT}/Target Support Files/Pods-ShopProject/Pods-ShopProject-frameworks-${CONFIGURATION}-input-files.xcfilelist",
			);
			name = "[CP] Embed Pods Frameworks";
			outputFileListPaths = (
				"${PODS_ROOT}/Target Support Files/Pods-ShopProject/Pods-ShopProject-frameworks-${CONFIGURATION}-output-files.xcfilelist",
			);
			runOnlyForDeploymentPostprocessing = 0;
			shellPath = /bin/sh;
			shellScript = "\"${PODS_ROOT}/Target Support Files/Pods-ShopProject/Pods-ShopProject-frameworks.sh\"\n";
			showEnvVarsInLog = 0;
		};
		ABE4FE92F528CC0DAAD1E2B8 /* [CP] Check Pods Manifest.lock */ = {
			isa = PBXShellScriptBuildPhase;
			buildActionMask = 2147483647;
			files = (
			);
			inputFileListPaths = (
			);
			inputPaths = (
				"${PODS_PODFILE_DIR_PATH}/Podfile.lock",
				"${PODS_ROOT}/Manifest.lock",
			);
			name = "[CP] Check Pods Manifest.lock";
			outputFileListPaths = (
			);
			outputPaths = (
				"$(DERIVED_FILE_DIR)/Pods-ShopProject-checkManifestLockResult.txt",
			);
			runOnlyForDeploymentPostprocessing = 0;
			shellPath = /bin/sh;
			shellScript = "diff \"${PODS_PODFILE_DIR_PATH}/Podfile.lock\" \"${PODS_ROOT}/Manifest.lock\" > /dev/null\nif [ $? != 0 ] ; then\n    # print error to STDERR\n    echo \"error: The sandbox is not in sync with the Podfile.lock. Run 'pod install' or update your CocoaPods installation.\" >&2\n    exit 1\nfi\n# This output is used by Xcode 'outputs' to avoid re-running this script phase.\necho \"SUCCESS\" > \"${SCRIPT_OUTPUT_FILE_0}\"\n";
			showEnvVarsInLog = 0;
		};
/* End PBXShellScriptBuildPhase section */

/* Begin PBXSourcesBuildPhase section */
		FBE537C024471C83001322F7 /* Sources */ = {
			isa = PBXSourcesBuildPhase;
			buildActionMask = 2147483647;
			files = (
				FBE537C824471C83001322F7 /* AppDelegate.swift in Sources */,
				FBE537CA24471C83001322F7 /* SceneDelegate.swift in Sources */,
			);
			runOnlyForDeploymentPostprocessing = 0;
		};
/* End PBXSourcesBuildPhase section */

/* Begin PBXVariantGroup section */
		FBE537CD24471C83001322F7 /* Main.storyboard */ = {
			isa = PBXVariantGroup;
			children = (
				FBE537CE24471C83001322F7 /* Base */,
			);
			name = Main.storyboard;
			sourceTree = "<group>";
		};
		FBE537D224471C86001322F7 /* LaunchScreen.storyboard */ = {
			isa = PBXVariantGroup;
			children = (
				FBE537D324471C86001322F7 /* Base */,
			);
			name = LaunchScreen.storyboard;
			sourceTree = "<group>";
		};
/* End PBXVariantGroup section */

/* Begin XCBuildConfiguration section */
		FBE537D624471C86001322F7 /* Debug */ = {
			isa = XCBuildConfiguration;
			buildSettings = {
				ALWAYS_SEARCH_USER_PATHS = NO;
				CLANG_ANALYZER_NONNULL = YES;
				CLANG_ANALYZER_NUMBER_OBJECT_CONVERSION = YES_AGGRESSIVE;
				CLANG_CXX_LANGUAGE_STANDARD = "gnu++14";
				CLANG_CXX_LIBRARY = "libc++";
				CLANG_ENABLE_MODULES = YES;
				CLANG_ENABLE_OBJC_ARC = YES;
				CLANG_ENABLE_OBJC_WEAK = YES;
				CLANG_WARN_BLOCK_CAPTURE_AUTORELEASING = YES;
				CLANG_WARN_BOOL_CONVERSION = YES;
				CLANG_WARN_COMMA = YES;
				CLANG_WARN_CONSTANT_CONVERSION = YES;
				CLANG_WARN_DEPRECATED_OBJC_IMPLEMENTATIONS = YES;
				CLANG_WARN_DIRECT_OBJC_ISA_USAGE = YES_ERROR;
				CLANG_WARN_DOCUMENTATION_COMMENTS = YES;
				CLANG_WARN_EMPTY_BODY = YES;
				CLANG_WARN_ENUM_CONVERSION = YES;
				CLANG_WARN_INFINITE_RECURSION = YES;
				CLANG_WARN_INT_CONVERSION = YES;
				CLANG_WARN_NON_LITERAL_NULL_CONVERSION = YES;
				CLANG_WARN_OBJC_IMPLICIT_RETAIN_SELF = YES;
				CLANG_WARN_OBJC_LITERAL_CONVERSION = YES;
				CLANG_WARN_OBJC_ROOT_CLASS = YES_ERROR;
				CLANG_WARN_RANGE_LOOP_ANALYSIS = YES;
				CLANG_WARN_STRICT_PROTOTYPES = YES;
				CLANG_WARN_SUSPICIOUS_MOVE = YES;
				CLANG_WARN_UNGUARDED_AVAILABILITY = YES_AGGRESSIVE;
				CLANG_WARN_UNREACHABLE_CODE = YES;
				CLANG_WARN__DUPLICATE_METHOD_MATCH = YES;
				COPY_PHASE_STRIP = NO;
				DEBUG_INFORMATION_FORMAT = dwarf;
				ENABLE_STRICT_OBJC_MSGSEND = YES;
				ENABLE_TESTABILITY = YES;
				GCC_C_LANGUAGE_STANDARD = gnu11;
				GCC_DYNAMIC_NO_PIC = NO;
				GCC_NO_COMMON_BLOCKS = YES;
				GCC_OPTIMIZATION_LEVEL = 0;
				GCC_PREPROCESSOR_DEFINITIONS = (
					"DEBUG=1",
					"$(inherited)",
				);
				GCC_WARN_64_TO_32_BIT_CONVERSION = YES;
				GCC_WARN_ABOUT_RETURN_TYPE = YES_ERROR;
				GCC_WARN_UNDECLARED_SELECTOR = YES;
				GCC_WARN_UNINITIALIZED_AUTOS = YES_AGGRESSIVE;
				GCC_WARN_UNUSED_FUNCTION = YES;
				GCC_WARN_UNUSED_VARIABLE = YES;
				IPHONEOS_DEPLOYMENT_TARGET = 13.4;
				MTL_ENABLE_DEBUG_INFO = INCLUDE_SOURCE;
				MTL_FAST_MATH = YES;
				ONLY_ACTIVE_ARCH = YES;
				SDKROOT = iphoneos;
				SWIFT_ACTIVE_COMPILATION_CONDITIONS = DEBUG;
				SWIFT_OPTIMIZATION_LEVEL = "-Onone";
			};
			name = Debug;
		};
		FBE537D724471C86001322F7 /* Release */ = {
			isa = XCBuildConfiguration;
			buildSettings = {
				ALWAYS_SEARCH_USER_PATHS = NO;
				CLANG_ANALYZER_NONNULL = YES;
				CLANG_ANALYZER_NUMBER_OBJECT_CONVERSION = YES_AGGRESSIVE;
				CLANG_CXX_LANGUAGE_STANDARD = "gnu++14";
				CLANG_CXX_LIBRARY = "libc++";
				CLANG_ENABLE_MODULES = YES;
				CLANG_ENABLE_OBJC_ARC = YES;
				CLANG_ENABLE_OBJC_WEAK = YES;
				CLANG_WARN_BLOCK_CAPTURE_AUTORELEASING = YES;
				CLANG_WARN_BOOL_CONVERSION = YES;
				CLANG_WARN_COMMA = YES;
				CLANG_WARN_CONSTANT_CONVERSION = YES;
				CLANG_WARN_DEPRECATED_OBJC_IMPLEMENTATIONS = YES;
				CLANG_WARN_DIRECT_OBJC_ISA_USAGE = YES_ERROR;
				CLANG_WARN_DOCUMENTATION_COMMENTS = YES;
				CLANG_WARN_EMPTY_BODY = YES;
				CLANG_WARN_ENUM_CONVERSION = YES;
				CLANG_WARN_INFINITE_RECURSION = YES;
				CLANG_WARN_INT_CONVERSION = YES;
				CLANG_WARN_NON_LITERAL_NULL_CONVERSION = YES;
				CLANG_WARN_OBJC_IMPLICIT_RETAIN_SELF = YES;
				CLANG_WARN_OBJC_LITERAL_CONVERSION = YES;
				CLANG_WARN_OBJC_ROOT_CLASS = YES_ERROR;
				CLANG_WARN_RANGE_LOOP_ANALYSIS = YES;
				CLANG_WARN_STRICT_PROTOTYPES = YES;
				CLANG_WARN_SUSPICIOUS_MOVE = YES;
				CLANG_WARN_UNGUARDED_AVAILABILITY = YES_AGGRESSIVE;
				CLANG_WARN_UNREACHABLE_CODE = YES;
				CLANG_WARN__DUPLICATE_METHOD_MATCH = YES;
				COPY_PHASE_STRIP = NO;
				DEBUG_INFORMATION_FORMAT = "dwarf-with-dsym";
				ENABLE_NS_ASSERTIONS = NO;
				ENABLE_STRICT_OBJC_MSGSEND = YES;
				GCC_C_LANGUAGE_STANDARD = gnu11;
				GCC_NO_COMMON_BLOCKS = YES;
				GCC_WARN_64_TO_32_BIT_CONVERSION = YES;
				GCC_WARN_ABOUT_RETURN_TYPE = YES_ERROR;
				GCC_WARN_UNDECLARED_SELECTOR = YES;
				GCC_WARN_UNINITIALIZED_AUTOS = YES_AGGRESSIVE;
				GCC_WARN_UNUSED_FUNCTION = YES;
				GCC_WARN_UNUSED_VARIABLE = YES;
				IPHONEOS_DEPLOYMENT_TARGET = 13.4;
				MTL_ENABLE_DEBUG_INFO = NO;
				MTL_FAST_MATH = YES;
				SDKROOT = iphoneos;
				SWIFT_COMPILATION_MODE = wholemodule;
				SWIFT_OPTIMIZATION_LEVEL = "-O";
				VALIDATE_PRODUCT = YES;
			};
			name = Release;
		};
		FBE537D924471C86001322F7 /* Debug */ = {
			isa = XCBuildConfiguration;
			baseConfigurationReference = 1E5F7228B24EFA0CCAB8B5D2 /* Pods-ShopProject.debug.xcconfig */;
			buildSettings = {
				ASSETCATALOG_COMPILER_APPICON_NAME = AppIcon;
				CODE_SIGN_STYLE = Automatic;
				DEVELOPMENT_TEAM = HJ44QJ7423;
				INFOPLIST_FILE = ShopProject/Info.plist;
				IPHONEOS_DEPLOYMENT_TARGET = 13.0;
				LD_RUNPATH_SEARCH_PATHS = (
					"$(inherited)",
					"@executable_path/Frameworks",
				);
				PRODUCT_BUNDLE_IDENTIFIER = com.trycodingman.ShopProject;
				PRODUCT_NAME = "$(TARGET_NAME)";
				SWIFT_VERSION = 5.0;
				TARGETED_DEVICE_FAMILY = "1,2";
			};
			name = Debug;
		};
		FBE537DA24471C86001322F7 /* Release */ = {
			isa = XCBuildConfiguration;
			baseConfigurationReference = 1AB5353CD7B26ADFCC65ABE0 /* Pods-ShopProject.release.xcconfig */;
			buildSettings = {
				ASSETCATALOG_COMPILER_APPICON_NAME = AppIcon;
				CODE_SIGN_STYLE = Automatic;
				DEVELOPMENT_TEAM = HJ44QJ7423;
				INFOPLIST_FILE = ShopProject/Info.plist;
				IPHONEOS_DEPLOYMENT_TARGET = 13.0;
				LD_RUNPATH_SEARCH_PATHS = (
					"$(inherited)",
					"@executable_path/Frameworks",
				);
				PRODUCT_BUNDLE_IDENTIFIER = com.trycodingman.ShopProject;
				PRODUCT_NAME = "$(TARGET_NAME)";
				SWIFT_VERSION = 5.0;
				TARGETED_DEVICE_FAMILY = "1,2";
			};
			name = Release;
		};
/* End XCBuildConfiguration section */

/* Begin XCConfigurationList section */
		FBE537BF24471C83001322F7 /* Build configuration list for PBXProject "ShopProject" */ = {
			isa = XCConfigurationList;
			buildConfigurations = (
				FBE537D624471C86001322F7 /* Debug */,
				FBE537D724471C86001322F7 /* Release */,
			);
			defaultConfigurationIsVisible = 0;
			defaultConfigurationName = Release;
		};
		FBE537D824471C86001322F7 /* Build configuration list for PBXNativeTarget "ShopProject" */ = {
			isa = XCConfigurationList;
			buildConfigurations = (
				FBE537D924471C86001322F7 /* Debug */,
				FBE537DA24471C86001322F7 /* Release */,
			);
			defaultConfigurationIsVisible = 0;
			defaultConfigurationName = Release;
		};
/* End XCConfigurationList section */
	};
	rootObject = FBE537BC24471C83001322F7 /* Project object */;
}
